
Microsoft Visual Studio Solution File, Format Version 12.00
# Visual Studio Version 17
VisualStudioVersion = 17.4.33205.214
MinimumVisualStudioVersion = 10.0.40219.1
Project("{FAE04EC0-301F-11D3-BF4B-00C04F79EFBC}") = "CQRSAndMediatRDemo", "CQRSAndMediatRDemo\CQRSAndMediatRDemo.csproj", "{C870C3CB-2ECC-42D7-86EF-432024927EC8}"
EndProject
Global
	GlobalSection(SolutionConfigurationPlatforms) = preSolution
		Debug|Any CPU = Debug|Any CPU
		Release|Any CPU = Release|Any CPU
	EndGlobalSection
	GlobalSection(ProjectConfigurationPlatforms) = postSolution
		{C870C3CB-2ECC-42D7-86EF-432024927EC8}.Debug|Any CPU.ActiveCfg = Debug|Any CPU
		{C870C3CB-2ECC-42D7-86EF-432024927EC8}.Debug|Any CPU.Build.0 = Debug|Any CPU
		{C870C3CB-2ECC-42D7-86EF-432024927EC8}.Release|Any CPU.ActiveCfg = Release|Any CPU
		{C870C3CB-2ECC-42D7-86EF-432024927EC8}.Release|Any CPU.Build.0 = Release|Any CPU
	EndGlobalSection
	GlobalSection(SolutionProperties) = preSolution
		HideSolutionNode = FALSE
	EndGlobalSection
	GlobalSection(ExtensibilityGlobals) = postSolution
		SolutionGuid = {EB9F482C-CDB0-43F3-92DF-D513610D287E}
	EndGlobalSection
EndGlobal
